// !$*UTF8*$!
{
	archiveVersion = 1;
	classes = {
	};
	objectVersion = 50;
	objects = {

/* Begin PBXBuildFile section */
		E8F1D0F12449BBF10037F0E3 /* AppDelegate.swift in Sources */ = {isa = PBXBuildFile; fileRef = E8F1D0F02449BBF10037F0E3 /* AppDelegate.swift */; };
		E8F1D0F32449BBF10037F0E3 /* SceneDelegate.swift in Sources */ = {isa = PBXBuildFile; fileRef = E8F1D0F22449BBF10037F0E3 /* SceneDelegate.swift */; };
		E8F1D0F52449BBF10037F0E3 /* ContentView.swift in Sources */ = {isa = PBXBuildFile; fileRef = E8F1D0F42449BBF10037F0E3 /* ContentView.swift */; };
		E8F1D0F72449BBF30037F0E3 /* Assets.xcassets in Resources */ = {isa = PBXBuildFile; fileRef = E8F1D0F62449BBF30037F0E3 /* Assets.xcassets */; };
		E8F1D0FA2449BBF30037F0E3 /* Preview Assets.xcassets in Resources */ = {isa = PBXBuildFile; fileRef = E8F1D0F92449BBF30037F0E3 /* Preview Assets.xcassets */; };
		E8F1D0FD2449BBF30037F0E3 /* LaunchScreen.storyboard in Resources */ = {isa = PBXBuildFile; fileRef = E8F1D0FB2449BBF30037F0E3 /* LaunchScreen.storyboard */; };
		E8F1D1052449BC920037F0E3 /* TopView.swift in Sources */ = {isa = PBXBuildFile; fileRef = E8F1D1042449BC920037F0E3 /* TopView.swift */; };
		E8F1D1072449BDDD0037F0E3 /* HomeView.swift in Sources */ = {isa = PBXBuildFile; fileRef = E8F1D1062449BDDD0037F0E3 /* HomeView.swift */; };
		E8F1D1092449BE760037F0E3 /* TitleView.swift in Sources */ = {isa = PBXBuildFile; fileRef = E8F1D1082449BE760037F0E3 /* TitleView.swift */; };
		E8F1D10B2449BEF90037F0E3 /* PostsSection.swift in Sources */ = {isa = PBXBuildFile; fileRef = E8F1D10A2449BEF90037F0E3 /* PostsSection.swift */; };
		E8F1D10D2449BF2A0037F0E3 /* PostView.swift in Sources */ = {isa = PBXBuildFile; fileRef = E8F1D10C2449BF2A0037F0E3 /* PostView.swift */; };
		E8F1D10F2449C8800037F0E3 /* Post.swift in Sources */ = {isa = PBXBuildFile; fileRef = E8F1D10E2449C8800037F0E3 /* Post.swift */; };
		E8F1D1112449C8AD0037F0E3 /* PostRepository.swift in Sources */ = {isa = PBXBuildFile; fileRef = E8F1D1102449C8AD0037F0E3 /* PostRepository.swift */; };
/* End PBXBuildFile section */

/* Begin PBXFileReference section */
		E8F1D0ED2449BBF10037F0E3 /* CollapsingAnimation.app */ = {isa = PBXFileReference; explicitFileType = wrapper.application; includeInIndex = 0; path = CollapsingAnimation.app; sourceTree = BUILT_PRODUCTS_DIR; };
		E8F1D0F02449BBF10037F0E3 /* AppDelegate.swift */ = {isa = PBXFileReference; lastKnownFileType = sourcecode.swift; path = AppDelegate.swift; sourceTree = "<group>"; };
		E8F1D0F22449BBF10037F0E3 /* SceneDelegate.swift */ = {isa = PBXFileReference; lastKnownFileType = sourcecode.swift; path = SceneDelegate.swift; sourceTree = "<group>"; };
		E8F1D0F42449BBF10037F0E3 /* ContentView.swift */ = {isa = PBXFileReference; lastKnownFileType = sourcecode.swift; path = ContentView.swift; sourceTree = "<group>"; };
		E8F1D0F62449BBF30037F0E3 /* Assets.xcassets */ = {isa = PBXFileReference; lastKnownFileType = folder.assetcatalog; path = Assets.xcassets; sourceTree = "<group>"; };
		E8F1D0F92449BBF30037F0E3 /* Preview Assets.xcassets */ = {isa = PBXFileReference; lastKnownFileType = folder.assetcatalog; path = "Preview Assets.xcassets"; sourceTree = "<group>"; };
		E8F1D0FC2449BBF30037F0E3 /* Base */ = {isa = PBXFileReference; lastKnownFileType = file.storyboard; name = Base; path = Base.lproj/LaunchScreen.storyboard; sourceTree = "<group>"; };
		E8F1D0FE2449BBF30037F0E3 /* Info.plist */ = {isa = PBXFileReference; lastKnownFileType = text.plist.xml; path = Info.plist; sourceTree = "<group>"; };
		E8F1D1042449BC920037F0E3 /* TopView.swift */ = {isa = PBXFileReference; lastKnownFileType = sourcecode.swift; path = TopView.swift; sourceTree = "<group>"; };
		E8F1D1062449BDDD0037F0E3 /* HomeView.swift */ = {isa = PBXFileReference; lastKnownFileType = sourcecode.swift; path = HomeView.swift; sourceTree = "<group>"; };
		E8F1D1082449BE760037F0E3 /* TitleView.swift */ = {isa = PBXFileReference; lastKnownFileType = sourcecode.swift; path = TitleView.swift; sourceTree = "<group>"; };
		E8F1D10A2449BEF90037F0E3 /* PostsSection.swift */ = {isa = PBXFileReference; lastKnownFileType = sourcecode.swift; path = PostsSection.swift; sourceTree = "<group>"; };
		E8F1D10C2449BF2A0037F0E3 /* PostView.swift */ = {isa = PBXFileReference; lastKnownFileType = sourcecode.swift; path = PostView.swift; sourceTree = "<group>"; };
		E8F1D10E2449C8800037F0E3 /* Post.swift */ = {isa = PBXFileReference; lastKnownFileType = sourcecode.swift; path = Post.swift; sourceTree = "<group>"; };
		E8F1D1102449C8AD0037F0E3 /* PostRepository.swift */ = {isa = PBXFileReference; lastKnownFileType = sourcecode.swift; path = PostRepository.swift; sourceTree = "<group>"; };
/* End PBXFileReference section */

/* Begin PBXFrameworksBuildPhase section */
		E8F1D0EA2449BBF10037F0E3 /* Frameworks */ = {
			isa = PBXFrameworksBuildPhase;
			buildActionMask = 2147483647;
			files = (
			);
			runOnlyForDeploymentPostprocessing = 0;
		};
/* End PBXFrameworksBuildPhase section */

/* Begin PBXGroup section */
		E8F1D0E42449BBF10037F0E3 = {
			isa = PBXGroup;
			children = (
				E8F1D0EF2449BBF10037F0E3 /* CollapsingAnimation */,
				E8F1D0EE2449BBF10037F0E3 /* Products */,
			);
			sourceTree = "<group>";
		};
		E8F1D0EE2449BBF10037F0E3 /* Products */ = {
			isa = PBXGroup;
			children = (
				E8F1D0ED2449BBF10037F0E3 /* CollapsingAnimation.app */,
			);
			name = Products;
			sourceTree = "<group>";
		};
		E8F1D0EF2449BBF10037F0E3 /* CollapsingAnimation */ = {
			isa = PBXGroup;
			children = (
				E8F1D0F02449BBF10037F0E3 /* AppDelegate.swift */,
				E8F1D0F22449BBF10037F0E3 /* SceneDelegate.swift */,
				E8F1D0F42449BBF10037F0E3 /* ContentView.swift */,
				E8F1D1042449BC920037F0E3 /* TopView.swift */,
				E8F1D1062449BDDD0037F0E3 /* HomeView.swift */,
				E8F1D1082449BE760037F0E3 /* TitleView.swift */,
				E8F1D10A2449BEF90037F0E3 /* PostsSection.swift */,
				E8F1D10C2449BF2A0037F0E3 /* PostView.swift */,
				E8F1D10E2449C8800037F0E3 /* Post.swift */,
				E8F1D1102449C8AD0037F0E3 /* PostRepository.swift */,
				E8F1D0F62449BBF30037F0E3 /* Assets.xcassets */,
				E8F1D0FB2449BBF30037F0E3 /* LaunchScreen.storyboard */,
				E8F1D0FE2449BBF30037F0E3 /* Info.plist */,
				E8F1D0F82449BBF30037F0E3 /* Preview Content */,
			);
			path = CollapsingAnimation;
			sourceTree = "<group>";
		};
		E8F1D0F82449BBF30037F0E3 /* Preview Content */ = {
			isa = PBXGroup;
			children = (
				E8F1D0F92449BBF30037F0E3 /* Preview Assets.xcassets */,
			);
			path = "Preview Content";
			sourceTree = "<group>";
		};
/* End PBXGroup section */

/* Begin PBXNativeTarget section */
		E8F1D0EC2449BBF10037F0E3 /* CollapsingAnimation */ = {
			isa = PBXNativeTarget;
			buildConfigurationList = E8F1D1012449BBF30037F0E3 /* Build configuration list for PBXNativeTarget "CollapsingAnimation" */;
			buildPhases = (
				E8F1D0E92449BBF10037F0E3 /* Sources */,
				E8F1D0EA2449BBF10037F0E3 /* Frameworks */,
				E8F1D0EB2449BBF10037F0E3 /* Resources */,
			);
			buildRules = (
			);
			dependencies = (
			);
			name = CollapsingAnimation;
			productName = CollapsingAnimation;
			productReference = E8F1D0ED2449BBF10037F0E3 /* CollapsingAnimation.app */;
			productType = "com.apple.product-type.application";
		};
/* End PBXNativeTarget section */

/* Begin PBXProject section */
		E8F1D0E52449BBF10037F0E3 /* Project object */ = {
			isa = PBXProject;
			attributes = {
				LastSwiftUpdateCheck = 1130;
				LastUpgradeCheck = 1130;
				ORGANIZATIONNAME = Mitrevski;
				TargetAttributes = {
					E8F1D0EC2449BBF10037F0E3 = {
						CreatedOnToolsVersion = 11.3;
					};
				};
			};
			buildConfigurationList = E8F1D0E82449BBF10037F0E3 /* Build configuration list for PBXProject "CollapsingAnimation" */;
			compatibilityVersion = "Xcode 9.3";
			developmentRegion = en;
			hasScannedForEncodings = 0;
			knownRegions = (
				en,
				Base,
			);
			mainGroup = E8F1D0E42449BBF10037F0E3;
			productRefGroup = E8F1D0EE2449BBF10037F0E3 /* Products */;
			projectDirPath = "";
			projectRoot = "";
			targets = (
				E8F1D0EC2449BBF10037F0E3 /* CollapsingAnimation */,
			);
		};
/* End PBXProject section */

/* Begin PBXResourcesBuildPhase section */
		E8F1D0EB2449BBF10037F0E3 /* Resources */ = {
			isa = PBXResourcesBuildPhase;
			buildActionMask = 2147483647;
			files = (
				E8F1D0FD2449BBF30037F0E3 /* LaunchScreen.storyboard in Resources */,
				E8F1D0FA2449BBF30037F0E3 /* Preview Assets.xcassets in Resources */,
				E8F1D0F72449BBF30037F0E3 /* Assets.xcassets in Resources */,
			);
			runOnlyForDeploymentPostprocessing = 0;
		};
/* End PBXResourcesBuildPhase section */

/* Begin PBXSourcesBuildPhase section */
		E8F1D0E92449BBF10037F0E3 /* Sources */ = {
			isa = PBXSourcesBuildPhase;
			buildActionMask = 2147483647;
			files = (
				E8F1D0F12449BBF10037F0E3 /* AppDelegate.swift in Sources */,
				E8F1D1112449C8AD0037F0E3 /* PostRepository.swift in Sources */,
				E8F1D0F32449BBF10037F0E3 /* SceneDelegate.swift in Sources */,
				E8F1D10D2449BF2A0037F0E3 /* PostView.swift in Sources */,
				E8F1D10B2449BEF90037F0E3 /* PostsSection.swift in Sources */,
				E8F1D1052449BC920037F0E3 /* TopView.swift in Sources */,
				E8F1D1072449BDDD0037F0E3 /* HomeView.swift in Sources */,
				E8F1D10F2449C8800037F0E3 /* Post.swift in Sources */,
				E8F1D0F52449BBF10037F0E3 /* ContentView.swift in Sources */,
				E8F1D1092449BE760037F0E3 /* TitleView.swift in Sources */,
			);
			runOnlyForDeploymentPostprocessing = 0;
		};
/* End PBXSourcesBuildPhase section */

/* Begin PBXVariantGroup section */
		E8F1D0FB2449BBF30037F0E3 /* LaunchScreen.storyboard */ = {
			isa = PBXVariantGroup;
			children = (
				E8F1D0FC2449BBF30037F0E3 /* Base */,
			);
			name = LaunchScreen.storyboard;
			sourceTree = "<group>";
		};
/* End PBXVariantGroup section */

/* Begin XCBuildConfiguration section */
		E8F1D0FF2449BBF30037F0E3 /* Debug */ = {
			isa = XCBuildConfiguration;
			buildSettings = {
				ALWAYS_SEARCH_USER_PATHS = NO;
				CLANG_ANALYZER_NONNULL = YES;
				CLANG_ANALYZER_NUMBER_OBJECT_CONVERSION = YES_AGGRESSIVE;
				CLANG_CXX_LANGUAGE_STANDARD = "gnu++14";
				CLANG_CXX_LIBRARY = "libc++";
				CLANG_ENABLE_MODULES = YES;
				CLANG_ENABLE_OBJC_ARC = YES;
				CLANG_ENABLE_OBJC_WEAK = YES;
				CLANG_WARN_BLOCK_CAPTURE_AUTORELEASING = YES;
				CLANG_WARN_BOOL_CONVERSION = YES;
				CLANG_WARN_COMMA = YES;
				CLANG_WARN_CONSTANT_CONVERSION = YES;
				CLANG_WARN_DEPRECATED_OBJC_IMPLEMENTATIONS = YES;
				CLANG_WARN_DIRECT_OBJC_ISA_USAGE = YES_ERROR;
				CLANG_WARN_DOCUMENTATION_COMMENTS = YES;
				CLANG_WARN_EMPTY_BODY = YES;
				CLANG_WARN_ENUM_CONVERSION = YES;
				CLANG_WARN_INFINITE_RECURSION = YES;
				CLANG_WARN_INT_CONVERSION = YES;
				CLANG_WARN_NON_LITERAL_NULL_CONVERSION = YES;
				CLANG_WARN_OBJC_IMPLICIT_RETAIN_SELF = YES;
				CLANG_WARN_OBJC_LITERAL_CONVERSION = YES;
				CLANG_WARN_OBJC_ROOT_CLASS = YES_ERROR;
				CLANG_WARN_RANGE_LOOP_ANALYSIS = YES;
				CLANG_WARN_STRICT_PROTOTYPES = YES;
				CLANG_WARN_SUSPICIOUS_MOVE = YES;
				CLANG_WARN_UNGUARDED_AVAILABILITY = YES_AGGRESSIVE;
				CLANG_WARN_UNREACHABLE_CODE = YES;
				CLANG_WARN__DUPLICATE_METHOD_MATCH = YES;
				COPY_PHASE_STRIP = NO;
				DEBUG_INFORMATION_FORMAT = dwarf;
				ENABLE_STRICT_OBJC_MSGSEND = YES;
				ENABLE_TESTABILITY = YES;
				GCC_C_LANGUAGE_STANDARD = gnu11;
				GCC_DYNAMIC_NO_PIC = NO;
				GCC_NO_COMMON_BLOCKS = YES;
				GCC_OPTIMIZATION_LEVEL = 0;
				GCC_PREPROCESSOR_DEFINITIONS = (
					"DEBUG=1",
					"$(inherited)",
				);
				GCC_WARN_64_TO_32_BIT_CONVERSION = YES;
				GCC_WARN_ABOUT_RETURN_TYPE = YES_ERROR;
				GCC_WARN_UNDECLARED_SELECTOR = YES;
				GCC_WARN_UNINITIALIZED_AUTOS = YES_AGGRESSIVE;
				GCC_WARN_UNUSED_FUNCTION = YES;
				GCC_WARN_UNUSED_VARIABLE = YES;
				IPHONEOS_DEPLOYMENT_TARGET = 13.2;
				MTL_ENABLE_DEBUG_INFO = INCLUDE_SOURCE;
				MTL_FAST_MATH = YES;
				ONLY_ACTIVE_ARCH = YES;
				SDKROOT = iphoneos;
				SWIFT_ACTIVE_COMPILATION_CONDITIONS = DEBUG;
				SWIFT_OPTIMIZATION_LEVEL = "-Onone";
			};
			name = Debug;
		};
		E8F1D1002449BBF30037F0E3 /* Release */ = {
			isa = XCBuildConfiguration;
			buildSettings = {
				ALWAYS_SEARCH_USER_PATHS = NO;
				CLANG_ANALYZER_NONNULL = YES;
				CLANG_ANALYZER_NUMBER_OBJECT_CONVERSION = YES_AGGRESSIVE;
				CLANG_CXX_LANGUAGE_STANDARD = "gnu++14";
				CLANG_CXX_LIBRARY = "libc++";
				CLANG_ENABLE_MODULES = YES;
				CLANG_ENABLE_OBJC_ARC = YES;
				CLANG_ENABLE_OBJC_WEAK = YES;
				CLANG_WARN_BLOCK_CAPTURE_AUTORELEASING = YES;
				CLANG_WARN_BOOL_CONVERSION = YES;
				CLANG_WARN_COMMA = YES;
				CLANG_WARN_CONSTANT_CONVERSION = YES;
				CLANG_WARN_DEPRECATED_OBJC_IMPLEMENTATIONS = YES;
				CLANG_WARN_DIRECT_OBJC_ISA_USAGE = YES_ERROR;
				CLANG_WARN_DOCUMENTATION_COMMENTS = YES;
				CLANG_WARN_EMPTY_BODY = YES;
				CLANG_WARN_ENUM_CONVERSION = YES;
				CLANG_WARN_INFINITE_RECURSION = YES;
				CLANG_WARN_INT_CONVERSION = YES;
				CLANG_WARN_NON_LITERAL_NULL_CONVERSION = YES;
				CLANG_WARN_OBJC_IMPLICIT_RETAIN_SELF = YES;
				CLANG_WARN_OBJC_LITERAL_CONVERSION = YES;
				CLANG_WARN_OBJC_ROOT_CLASS = YES_ERROR;
				CLANG_WARN_RANGE_LOOP_ANALYSIS = YES;
				CLANG_WARN_STRICT_PROTOTYPES = YES;
				CLANG_WARN_SUSPICIOUS_MOVE = YES;
				CLANG_WARN_UNGUARDED_AVAILABILITY = YES_AGGRESSIVE;
				CLANG_WARN_UNREACHABLE_CODE = YES;
				CLANG_WARN__DUPLICATE_METHOD_MATCH = YES;
				COPY_PHASE_STRIP = NO;
				DEBUG_INFORMATION_FORMAT = "dwarf-with-dsym";
				ENABLE_NS_ASSERTIONS = NO;
				ENABLE_STRICT_OBJC_MSGSEND = YES;
				GCC_C_LANGUAGE_STANDARD = gnu11;
				GCC_NO_COMMON_BLOCKS = YES;
				GCC_WARN_64_TO_32_BIT_CONVERSION = YES;
				GCC_WARN_ABOUT_RETURN_TYPE = YES_ERROR;
				GCC_WARN_UNDECLARED_SELECTOR = YES;
				GCC_WARN_UNINITIALIZED_AUTOS = YES_AGGRESSIVE;
				GCC_WARN_UNUSED_FUNCTION = YES;
				GCC_WARN_UNUSED_VARIABLE = YES;
				IPHONEOS_DEPLOYMENT_TARGET = 13.2;
				MTL_ENABLE_DEBUG_INFO = NO;
				MTL_FAST_MATH = YES;
				SDKROOT = iphoneos;
				SWIFT_COMPILATION_MODE = wholemodule;
				SWIFT_OPTIMIZATION_LEVEL = "-O";
				VALIDATE_PRODUCT = YES;
			};
			name = Release;
		};
		E8F1D1022449BBF30037F0E3 /* Debug */ = {
			isa = XCBuildConfiguration;
			buildSettings = {
				ASSETCATALOG_COMPILER_APPICON_NAME = AppIcon;
				CODE_SIGN_STYLE = Automatic;
				DEVELOPMENT_ASSET_PATHS = "\"CollapsingAnimation/Preview Content\"";
				DEVELOPMENT_TEAM = UAM22JDBB2;
				ENABLE_PREVIEWS = YES;
				INFOPLIST_FILE = CollapsingAnimation/Info.plist;
				LD_RUNPATH_SEARCH_PATHS = (
					"$(inherited)",
					"@executable_path/Frameworks",
				);
				PRODUCT_BUNDLE_IDENTIFIER = com.mitrevski.CollapsingAnimation;
				PRODUCT_NAME = "$(TARGET_NAME)";
				SWIFT_VERSION = 5.0;
				TARGETED_DEVICE_FAMILY = "1,2";
			};
			name = Debug;
		};
		E8F1D1032449BBF30037F0E3 /* Release */ = {
			isa = XCBuildConfiguration;
			buildSettings = {
				ASSETCATALOG_COMPILER_APPICON_NAME = AppIcon;
				CODE_SIGN_STYLE = Automatic;
				DEVELOPMENT_ASSET_PATHS = "\"CollapsingAnimation/Preview Content\"";
				DEVELOPMENT_TEAM = UAM22JDBB2;
				ENABLE_PREVIEWS = YES;
				INFOPLIST_FILE = CollapsingAnimation/Info.plist;
				LD_RUNPATH_SEARCH_PATHS = (
					"$(inherited)",
					"@executable_path/Frameworks",
				);
				PRODUCT_BUNDLE_IDENTIFIER = com.mitrevski.CollapsingAnimation;
				PRODUCT_NAME = "$(TARGET_NAME)";
				SWIFT_VERSION = 5.0;
				TARGETED_DEVICE_FAMILY = "1,2";
			};
			name = Release;
		};
/* End XCBuildConfiguration section */

/* Begin XCConfigurationList section */
		E8F1D0E82449BBF10037F0E3 /* Build configuration list for PBXProject "CollapsingAnimation" */ = {
			isa = XCConfigurationList;
			buildConfigurations = (
				E8F1D0FF2449BBF30037F0E3 /* Debug */,
				E8F1D1002449BBF30037F0E3 /* Release */,
			);
			defaultConfigurationIsVisible = 0;
			defaultConfigurationName = Release;
		};
		E8F1D1012449BBF30037F0E3 /* Build configuration list for PBXNativeTarget "CollapsingAnimation" */ = {
			isa = XCConfigurationList;
			buildConfigurations = (
				E8F1D1022449BBF30037F0E3 /* Debug */,
				E8F1D1032449BBF30037F0E3 /* Release */,
			);
			defaultConfigurationIsVisible = 0;
			defaultConfigurationName = Release;
		};
/* End XCConfigurationList section */
	};
	rootObject = E8F1D0E52449BBF10037F0E3 /* Project object */;
}
